// !$*UTF8*$!
{
	archiveVersion = 1;
	classes = {
	};
	objectVersion = 46;
	objects = {

/* Begin PBXBuildFile section */
		A625D0F0151612200018FDD6 /* ico_ios.png in Resources */ = {isa = PBXBuildFile; fileRef = A625D0EF151612200018FDD6 /* ico_ios.png */; };
		A625D0F2151612240018FDD6 /* ico_ios_retina.png in Resources */ = {isa = PBXBuildFile; fileRef = A625D0F1151612240018FDD6 /* ico_ios_retina.png */; };
		A625D0F4151612780018FDD6 /* Default@2x.png in Resources */ = {isa = PBXBuildFile; fileRef = A625D0F3151612780018FDD6 /* Default@2x.png */; };
		A625D0F61516127D0018FDD6 /* Default.png in Resources */ = {isa = PBXBuildFile; fileRef = A625D0F51516127D0018FDD6 /* Default.png */; };
		A6EDC93C1511319F003083CA /* UIKit.framework in Frameworks */ = {isa = PBXBuildFile; fileRef = A6EDC93B1511319F003083CA /* UIKit.framework */; };
		A6EDC93E1511319F003083CA /* Foundation.framework in Frameworks */ = {isa = PBXBuildFile; fileRef = A6EDC93D1511319F003083CA /* Foundation.framework */; };
		A6EDC9401511319F003083CA /* CoreGraphics.framework in Frameworks */ = {isa = PBXBuildFile; fileRef = A6EDC93F1511319F003083CA /* CoreGraphics.framework */; };
		A6EDC9461511319F003083CA /* InfoPlist.strings in Resources */ = {isa = PBXBuildFile; fileRef = A6EDC9441511319F003083CA /* InfoPlist.strings */; };
		A6EDC9481511319F003083CA /* main.m in Sources */ = {isa = PBXBuildFile; fileRef = A6EDC9471511319F003083CA /* main.m */; };
		A6EDC94C1511319F003083CA /* AppDelegate.m in Sources */ = {isa = PBXBuildFile; fileRef = A6EDC94B1511319F003083CA /* AppDelegate.m */; };
		A6EDC94F1511319F003083CA /* ViewController.m in Sources */ = {isa = PBXBuildFile; fileRef = A6EDC94E1511319F003083CA /* ViewController.m */; };
		A6EDC95D15113234003083CA /* Podcast.m in Sources */ = {isa = PBXBuildFile; fileRef = A6EDC95C15113234003083CA /* Podcast.m */; };
		A6EDC9781511344B003083CA /* NSObject+SBJson.m in Sources */ = {isa = PBXBuildFile; fileRef = A6EDC9601511344B003083CA /* NSObject+SBJson.m */; };
		A6EDC9791511344B003083CA /* SBJsonParser.m in Sources */ = {isa = PBXBuildFile; fileRef = A6EDC9631511344B003083CA /* SBJsonParser.m */; };
		A6EDC97A1511344B003083CA /* SBJsonStreamParser.m in Sources */ = {isa = PBXBuildFile; fileRef = A6EDC9651511344B003083CA /* SBJsonStreamParser.m */; };
		A6EDC97B1511344B003083CA /* SBJsonStreamParserAccumulator.m in Sources */ = {isa = PBXBuildFile; fileRef = A6EDC9671511344B003083CA /* SBJsonStreamParserAccumulator.m */; };
		A6EDC97C1511344B003083CA /* SBJsonStreamParserAdapter.m in Sources */ = {isa = PBXBuildFile; fileRef = A6EDC9691511344B003083CA /* SBJsonStreamParserAdapter.m */; };
		A6EDC97D1511344B003083CA /* SBJsonStreamParserState.m in Sources */ = {isa = PBXBuildFile; fileRef = A6EDC96B1511344B003083CA /* SBJsonStreamParserState.m */; };
		A6EDC97E1511344B003083CA /* SBJsonStreamWriter.m in Sources */ = {isa = PBXBuildFile; fileRef = A6EDC96D1511344B003083CA /* SBJsonStreamWriter.m */; };
		A6EDC97F1511344B003083CA /* SBJsonStreamWriterAccumulator.m in Sources */ = {isa = PBXBuildFile; fileRef = A6EDC96F1511344B003083CA /* SBJsonStreamWriterAccumulator.m */; };
		A6EDC9801511344B003083CA /* SBJsonStreamWriterState.m in Sources */ = {isa = PBXBuildFile; fileRef = A6EDC9711511344B003083CA /* SBJsonStreamWriterState.m */; };
		A6EDC9811511344B003083CA /* SBJsonTokeniser.m in Sources */ = {isa = PBXBuildFile; fileRef = A6EDC9731511344B003083CA /* SBJsonTokeniser.m */; };
		A6EDC9821511344B003083CA /* SBJsonUTF8Stream.m in Sources */ = {isa = PBXBuildFile; fileRef = A6EDC9751511344B003083CA /* SBJsonUTF8Stream.m */; };
		A6EDC9831511344B003083CA /* SBJsonWriter.m in Sources */ = {isa = PBXBuildFile; fileRef = A6EDC9771511344B003083CA /* SBJsonWriter.m */; };
		A6EDC98A1511E2B2003083CA /* Episode.m in Sources */ = {isa = PBXBuildFile; fileRef = A6EDC9891511E2B2003083CA /* Episode.m */; };
/* End PBXBuildFile section */

/* Begin PBXFileReference section */
		A625D0EF151612200018FDD6 /* ico_ios.png */ = {isa = PBXFileReference; lastKnownFileType = image.png; path = ico_ios.png; sourceTree = "<group>"; };
		A625D0F1151612240018FDD6 /* ico_ios_retina.png */ = {isa = PBXFileReference; lastKnownFileType = image.png; path = ico_ios_retina.png; sourceTree = "<group>"; };
		A625D0F3151612780018FDD6 /* Default@2x.png */ = {isa = PBXFileReference; lastKnownFileType = image.png; path = "Default@2x.png"; sourceTree = "<group>"; };
		A625D0F51516127D0018FDD6 /* Default.png */ = {isa = PBXFileReference; lastKnownFileType = image.png; path = Default.png; sourceTree = "<group>"; };
		A6EDC9371511319F003083CA /* Freepod.app */ = {isa = PBXFileReference; explicitFileType = wrapper.application; includeInIndex = 0; path = Freepod.app; sourceTree = BUILT_PRODUCTS_DIR; };
		A6EDC93B1511319F003083CA /* UIKit.framework */ = {isa = PBXFileReference; lastKnownFileType = wrapper.framework; name = UIKit.framework; path = System/Library/Frameworks/UIKit.framework; sourceTree = SDKROOT; };
		A6EDC93D1511319F003083CA /* Foundation.framework */ = {isa = PBXFileReference; lastKnownFileType = wrapper.framework; name = Foundation.framework; path = System/Library/Frameworks/Foundation.framework; sourceTree = SDKROOT; };
		A6EDC93F1511319F003083CA /* CoreGraphics.framework */ = {isa = PBXFileReference; lastKnownFileType = wrapper.framework; name = CoreGraphics.framework; path = System/Library/Frameworks/CoreGraphics.framework; sourceTree = SDKROOT; };
		A6EDC9431511319F003083CA /* Freepod-Info.plist */ = {isa = PBXFileReference; lastKnownFileType = text.plist.xml; path = "Freepod-Info.plist"; sourceTree = "<group>"; };
		A6EDC9451511319F003083CA /* en */ = {isa = PBXFileReference; lastKnownFileType = text.plist.strings; name = en; path = en.lproj/InfoPlist.strings; sourceTree = "<group>"; };
		A6EDC9471511319F003083CA /* main.m */ = {isa = PBXFileReference; lastKnownFileType = sourcecode.c.objc; path = main.m; sourceTree = "<group>"; };
		A6EDC9491511319F003083CA /* Freepod-Prefix.pch */ = {isa = PBXFileReference; lastKnownFileType = sourcecode.c.h; path = "Freepod-Prefix.pch"; sourceTree = "<group>"; };
		A6EDC94A1511319F003083CA /* AppDelegate.h */ = {isa = PBXFileReference; lastKnownFileType = sourcecode.c.h; path = AppDelegate.h; sourceTree = "<group>"; };
		A6EDC94B1511319F003083CA /* AppDelegate.m */ = {isa = PBXFileReference; lastKnownFileType = sourcecode.c.objc; path = AppDelegate.m; sourceTree = "<group>"; };
		A6EDC94D1511319F003083CA /* ViewController.h */ = {isa = PBXFileReference; lastKnownFileType = sourcecode.c.h; path = ViewController.h; sourceTree = "<group>"; };
		A6EDC94E1511319F003083CA /* ViewController.m */ = {isa = PBXFileReference; lastKnownFileType = sourcecode.c.objc; path = ViewController.m; sourceTree = "<group>"; };
		A6EDC95B15113234003083CA /* Podcast.h */ = {isa = PBXFileReference; fileEncoding = 4; lastKnownFileType = sourcecode.c.h; path = Podcast.h; sourceTree = "<group>"; };
		A6EDC95C15113234003083CA /* Podcast.m */ = {isa = PBXFileReference; fileEncoding = 4; lastKnownFileType = sourcecode.c.objc; path = Podcast.m; sourceTree = "<group>"; };
		A6EDC95F1511344B003083CA /* NSObject+SBJson.h */ = {isa = PBXFileReference; fileEncoding = 4; lastKnownFileType = sourcecode.c.h; path = "NSObject+SBJson.h"; sourceTree = "<group>"; };
		A6EDC9601511344B003083CA /* NSObject+SBJson.m */ = {isa = PBXFileReference; fileEncoding = 4; lastKnownFileType = sourcecode.c.objc; path = "NSObject+SBJson.m"; sourceTree = "<group>"; };
		A6EDC9611511344B003083CA /* SBJson.h */ = {isa = PBXFileReference; fileEncoding = 4; lastKnownFileType = sourcecode.c.h; path = SBJson.h; sourceTree = "<group>"; };
		A6EDC9621511344B003083CA /* SBJsonParser.h */ = {isa = PBXFileReference; fileEncoding = 4; lastKnownFileType = sourcecode.c.h; path = SBJsonParser.h; sourceTree = "<group>"; };
		A6EDC9631511344B003083CA /* SBJsonParser.m */ = {isa = PBXFileReference; fileEncoding = 4; lastKnownFileType = sourcecode.c.objc; path = SBJsonParser.m; sourceTree = "<group>"; };
		A6EDC9641511344B003083CA /* SBJsonStreamParser.h */ = {isa = PBXFileReference; fileEncoding = 4; lastKnownFileType = sourcecode.c.h; path = SBJsonStreamParser.h; sourceTree = "<group>"; };
		A6EDC9651511344B003083CA /* SBJsonStreamParser.m */ = {isa = PBXFileReference; fileEncoding = 4; lastKnownFileType = sourcecode.c.objc; path = SBJsonStreamParser.m; sourceTree = "<group>"; };
		A6EDC9661511344B003083CA /* SBJsonStreamParserAccumulator.h */ = {isa = PBXFileReference; fileEncoding = 4; lastKnownFileType = sourcecode.c.h; path = SBJsonStreamParserAccumulator.h; sourceTree = "<group>"; };
		A6EDC9671511344B003083CA /* SBJsonStreamParserAccumulator.m */ = {isa = PBXFileReference; fileEncoding = 4; lastKnownFileType = sourcecode.c.objc; path = SBJsonStreamParserAccumulator.m; sourceTree = "<group>"; };
		A6EDC9681511344B003083CA /* SBJsonStreamParserAdapter.h */ = {isa = PBXFileReference; fileEncoding = 4; lastKnownFileType = sourcecode.c.h; path = SBJsonStreamParserAdapter.h; sourceTree = "<group>"; };
		A6EDC9691511344B003083CA /* SBJsonStreamParserAdapter.m */ = {isa = PBXFileReference; fileEncoding = 4; lastKnownFileType = sourcecode.c.objc; path = SBJsonStreamParserAdapter.m; sourceTree = "<group>"; };
		A6EDC96A1511344B003083CA /* SBJsonStreamParserState.h */ = {isa = PBXFileReference; fileEncoding = 4; lastKnownFileType = sourcecode.c.h; path = SBJsonStreamParserState.h; sourceTree = "<group>"; };
		A6EDC96B1511344B003083CA /* SBJsonStreamParserState.m */ = {isa = PBXFileReference; fileEncoding = 4; lastKnownFileType = sourcecode.c.objc; path = SBJsonStreamParserState.m; sourceTree = "<group>"; };
		A6EDC96C1511344B003083CA /* SBJsonStreamWriter.h */ = {isa = PBXFileReference; fileEncoding = 4; lastKnownFileType = sourcecode.c.h; path = SBJsonStreamWriter.h; sourceTree = "<group>"; };
		A6EDC96D1511344B003083CA /* SBJsonStreamWriter.m */ = {isa = PBXFileReference; fileEncoding = 4; lastKnownFileType = sourcecode.c.objc; path = SBJsonStreamWriter.m; sourceTree = "<group>"; };
		A6EDC96E1511344B003083CA /* SBJsonStreamWriterAccumulator.h */ = {isa = PBXFileReference; fileEncoding = 4; lastKnownFileType = sourcecode.c.h; path = SBJsonStreamWriterAccumulator.h; sourceTree = "<group>"; };
		A6EDC96F1511344B003083CA /* SBJsonStreamWriterAccumulator.m */ = {isa = PBXFileReference; fileEncoding = 4; lastKnownFileType = sourcecode.c.objc; path = SBJsonStreamWriterAccumulator.m; sourceTree = "<group>"; };
		A6EDC9701511344B003083CA /* SBJsonStreamWriterState.h */ = {isa = PBXFileReference; fileEncoding = 4; lastKnownFileType = sourcecode.c.h; path = SBJsonStreamWriterState.h; sourceTree = "<group>"; };
		A6EDC9711511344B003083CA /* SBJsonStreamWriterState.m */ = {isa = PBXFileReference; fileEncoding = 4; lastKnownFileType = sourcecode.c.objc; path = SBJsonStreamWriterState.m; sourceTree = "<group>"; };
		A6EDC9721511344B003083CA /* SBJsonTokeniser.h */ = {isa = PBXFileReference; fileEncoding = 4; lastKnownFileType = sourcecode.c.h; path = SBJsonTokeniser.h; sourceTree = "<group>"; };
		A6EDC9731511344B003083CA /* SBJsonTokeniser.m */ = {isa = PBXFileReference; fileEncoding = 4; lastKnownFileType = sourcecode.c.objc; path = SBJsonTokeniser.m; sourceTree = "<group>"; };
		A6EDC9741511344B003083CA /* SBJsonUTF8Stream.h */ = {isa = PBXFileReference; fileEncoding = 4; lastKnownFileType = sourcecode.c.h; path = SBJsonUTF8Stream.h; sourceTree = "<group>"; };
		A6EDC9751511344B003083CA /* SBJsonUTF8Stream.m */ = {isa = PBXFileReference; fileEncoding = 4; lastKnownFileType = sourcecode.c.objc; path = SBJsonUTF8Stream.m; sourceTree = "<group>"; };
		A6EDC9761511344B003083CA /* SBJsonWriter.h */ = {isa = PBXFileReference; fileEncoding = 4; lastKnownFileType = sourcecode.c.h; path = SBJsonWriter.h; sourceTree = "<group>"; };
		A6EDC9771511344B003083CA /* SBJsonWriter.m */ = {isa = PBXFileReference; fileEncoding = 4; lastKnownFileType = sourcecode.c.objc; path = SBJsonWriter.m; sourceTree = "<group>"; };
		A6EDC9881511E2B2003083CA /* Episode.h */ = {isa = PBXFileReference; fileEncoding = 4; lastKnownFileType = sourcecode.c.h; path = Episode.h; sourceTree = "<group>"; };
		A6EDC9891511E2B2003083CA /* Episode.m */ = {isa = PBXFileReference; fileEncoding = 4; lastKnownFileType = sourcecode.c.objc; path = Episode.m; sourceTree = "<group>"; };
/* End PBXFileReference section */

/* Begin PBXFrameworksBuildPhase section */
		A6EDC9341511319F003083CA /* Frameworks */ = {
			isa = PBXFrameworksBuildPhase;
			buildActionMask = 2147483647;
			files = (
				A6EDC93C1511319F003083CA /* UIKit.framework in Frameworks */,
				A6EDC93E1511319F003083CA /* Foundation.framework in Frameworks */,
				A6EDC9401511319F003083CA /* CoreGraphics.framework in Frameworks */,
			);
			runOnlyForDeploymentPostprocessing = 0;
		};
/* End PBXFrameworksBuildPhase section */

/* Begin PBXGroup section */
		A6EDC92C1511319F003083CA = {
			isa = PBXGroup;
			children = (
				A625D0F51516127D0018FDD6 /* Default.png */,
				A625D0F3151612780018FDD6 /* Default@2x.png */,
				A625D0F1151612240018FDD6 /* ico_ios_retina.png */,
				A625D0EF151612200018FDD6 /* ico_ios.png */,
				A6EDC9411511319F003083CA /* Freepod */,
				A6EDC93A1511319F003083CA /* Frameworks */,
				A6EDC9381511319F003083CA /* Products */,
			);
			sourceTree = "<group>";
		};
		A6EDC9381511319F003083CA /* Products */ = {
			isa = PBXGroup;
			children = (
				A6EDC9371511319F003083CA /* Freepod.app */,
			);
			name = Products;
			sourceTree = "<group>";
		};
		A6EDC93A1511319F003083CA /* Frameworks */ = {
			isa = PBXGroup;
			children = (
				A6EDC93B1511319F003083CA /* UIKit.framework */,
				A6EDC93D1511319F003083CA /* Foundation.framework */,
				A6EDC93F1511319F003083CA /* CoreGraphics.framework */,
			);
			name = Frameworks;
			sourceTree = "<group>";
		};
		A6EDC9411511319F003083CA /* Freepod */ = {
			isa = PBXGroup;
			children = (
				A6EDC95E15113422003083CA /* SBJson */,
				A6EDC94A1511319F003083CA /* AppDelegate.h */,
				A6EDC94B1511319F003083CA /* AppDelegate.m */,
				A6EDC94D1511319F003083CA /* ViewController.h */,
				A6EDC94E1511319F003083CA /* ViewController.m */,
				A6EDC9421511319F003083CA /* Supporting Files */,
				A6EDC95B15113234003083CA /* Podcast.h */,
				A6EDC95C15113234003083CA /* Podcast.m */,
				A6EDC9881511E2B2003083CA /* Episode.h */,
				A6EDC9891511E2B2003083CA /* Episode.m */,
			);
			path = Freepod;
			sourceTree = "<group>";
		};
		A6EDC9421511319F003083CA /* Supporting Files */ = {
			isa = PBXGroup;
			children = (
				A6EDC9431511319F003083CA /* Freepod-Info.plist */,
				A6EDC9441511319F003083CA /* InfoPlist.strings */,
				A6EDC9471511319F003083CA /* main.m */,
				A6EDC9491511319F003083CA /* Freepod-Prefix.pch */,
			);
			name = "Supporting Files";
			sourceTree = "<group>";
		};
		A6EDC95E15113422003083CA /* SBJson */ = {
			isa = PBXGroup;
			children = (
				A6EDC95F1511344B003083CA /* NSObject+SBJson.h */,
				A6EDC9601511344B003083CA /* NSObject+SBJson.m */,
				A6EDC9611511344B003083CA /* SBJson.h */,
				A6EDC9621511344B003083CA /* SBJsonParser.h */,
				A6EDC9631511344B003083CA /* SBJsonParser.m */,
				A6EDC9641511344B003083CA /* SBJsonStreamParser.h */,
				A6EDC9651511344B003083CA /* SBJsonStreamParser.m */,
				A6EDC9661511344B003083CA /* SBJsonStreamParserAccumulator.h */,
				A6EDC9671511344B003083CA /* SBJsonStreamParserAccumulator.m */,
				A6EDC9681511344B003083CA /* SBJsonStreamParserAdapter.h */,
				A6EDC9691511344B003083CA /* SBJsonStreamParserAdapter.m */,
				A6EDC96A1511344B003083CA /* SBJsonStreamParserState.h */,
				A6EDC96B1511344B003083CA /* SBJsonStreamParserState.m */,
				A6EDC96C1511344B003083CA /* SBJsonStreamWriter.h */,
				A6EDC96D1511344B003083CA /* SBJsonStreamWriter.m */,
				A6EDC96E1511344B003083CA /* SBJsonStreamWriterAccumulator.h */,
				A6EDC96F1511344B003083CA /* SBJsonStreamWriterAccumulator.m */,
				A6EDC9701511344B003083CA /* SBJsonStreamWriterState.h */,
				A6EDC9711511344B003083CA /* SBJsonStreamWriterState.m */,
				A6EDC9721511344B003083CA /* SBJsonTokeniser.h */,
				A6EDC9731511344B003083CA /* SBJsonTokeniser.m */,
				A6EDC9741511344B003083CA /* SBJsonUTF8Stream.h */,
				A6EDC9751511344B003083CA /* SBJsonUTF8Stream.m */,
				A6EDC9761511344B003083CA /* SBJsonWriter.h */,
				A6EDC9771511344B003083CA /* SBJsonWriter.m */,
			);
			name = SBJson;
			sourceTree = "<group>";
		};
/* End PBXGroup section */

/* Begin PBXNativeTarget section */
		A6EDC9361511319F003083CA /* Freepod */ = {
			isa = PBXNativeTarget;
			buildConfigurationList = A6EDC9581511319F003083CA /* Build configuration list for PBXNativeTarget "Freepod" */;
			buildPhases = (
				A6EDC9331511319F003083CA /* Sources */,
				A6EDC9341511319F003083CA /* Frameworks */,
				A6EDC9351511319F003083CA /* Resources */,
			);
			buildRules = (
			);
			dependencies = (
			);
			name = Freepod;
			productName = Freepod;
			productReference = A6EDC9371511319F003083CA /* Freepod.app */;
			productType = "com.apple.product-type.application";
		};
/* End PBXNativeTarget section */

/* Begin PBXProject section */
		A6EDC92E1511319F003083CA /* Project object */ = {
			isa = PBXProject;
			attributes = {
				LastUpgradeCheck = 0430;
				ORGANIZATIONNAME = home;
			};
			buildConfigurationList = A6EDC9311511319F003083CA /* Build configuration list for PBXProject "Freepod" */;
			compatibilityVersion = "Xcode 3.2";
			developmentRegion = English;
			hasScannedForEncodings = 0;
			knownRegions = (
				en,
			);
			mainGroup = A6EDC92C1511319F003083CA;
			productRefGroup = A6EDC9381511319F003083CA /* Products */;
			projectDirPath = "";
			projectRoot = "";
			targets = (
				A6EDC9361511319F003083CA /* Freepod */,
			);
		};
/* End PBXProject section */

/* Begin PBXResourcesBuildPhase section */
		A6EDC9351511319F003083CA /* Resources */ = {
			isa = PBXResourcesBuildPhase;
			buildActionMask = 2147483647;
			files = (
				A6EDC9461511319F003083CA /* InfoPlist.strings in Resources */,
				A625D0F0151612200018FDD6 /* ico_ios.png in Resources */,
				A625D0F2151612240018FDD6 /* ico_ios_retina.png in Resources */,
				A625D0F4151612780018FDD6 /* Default@2x.png in Resources */,
				A625D0F61516127D0018FDD6 /* Default.png in Resources */,
			);
			runOnlyForDeploymentPostprocessing = 0;
		};
/* End PBXResourcesBuildPhase section */

/* Begin PBXSourcesBuildPhase section */
		A6EDC9331511319F003083CA /* Sources */ = {
			isa = PBXSourcesBuildPhase;
			buildActionMask = 2147483647;
			files = (
				A6EDC9481511319F003083CA /* main.m in Sources */,
				A6EDC94C1511319F003083CA /* AppDelegate.m in Sources */,
				A6EDC94F1511319F003083CA /* ViewController.m in Sources */,
				A6EDC95D15113234003083CA /* Podcast.m in Sources */,
				A6EDC9781511344B003083CA /* NSObject+SBJson.m in Sources */,
				A6EDC9791511344B003083CA /* SBJsonParser.m in Sources */,
				A6EDC97A1511344B003083CA /* SBJsonStreamParser.m in Sources */,
				A6EDC97B1511344B003083CA /* SBJsonStreamParserAccumulator.m in Sources */,
				A6EDC97C1511344B003083CA /* SBJsonStreamParserAdapter.m in Sources */,
				A6EDC97D1511344B003083CA /* SBJsonStreamParserState.m in Sources */,
				A6EDC97E1511344B003083CA /* SBJsonStreamWriter.m in Sources */,
				A6EDC97F1511344B003083CA /* SBJsonStreamWriterAccumulator.m in Sources */,
				A6EDC9801511344B003083CA /* SBJsonStreamWriterState.m in Sources */,
				A6EDC9811511344B003083CA /* SBJsonTokeniser.m in Sources */,
				A6EDC9821511344B003083CA /* SBJsonUTF8Stream.m in Sources */,
				A6EDC9831511344B003083CA /* SBJsonWriter.m in Sources */,
				A6EDC98A1511E2B2003083CA /* Episode.m in Sources */,
			);
			runOnlyForDeploymentPostprocessing = 0;
		};
/* End PBXSourcesBuildPhase section */

/* Begin PBXVariantGroup section */
		A6EDC9441511319F003083CA /* InfoPlist.strings */ = {
			isa = PBXVariantGroup;
			children = (
				A6EDC9451511319F003083CA /* en */,
			);
			name = InfoPlist.strings;
			sourceTree = "<group>";
		};
/* End PBXVariantGroup section */

/* Begin XCBuildConfiguration section */
		A6EDC9561511319F003083CA /* Debug */ = {
			isa = XCBuildConfiguration;
			buildSettings = {
				ALWAYS_SEARCH_USER_PATHS = NO;
				ARCHS = "$(ARCHS_STANDARD_32_BIT)";
				CLANG_ENABLE_OBJC_ARC = YES;
				"CODE_SIGN_IDENTITY[sdk=iphoneos*]" = "iPhone Developer";
				COPY_PHASE_STRIP = NO;
				GCC_C_LANGUAGE_STANDARD = gnu99;
				GCC_DYNAMIC_NO_PIC = NO;
				GCC_OPTIMIZATION_LEVEL = 0;
				GCC_PREPROCESSOR_DEFINITIONS = (
					"DEBUG=1",
					"$(inherited)",
				);
				GCC_SYMBOLS_PRIVATE_EXTERN = NO;
				GCC_VERSION = com.apple.compilers.llvm.clang.1_0;
				GCC_WARN_ABOUT_MISSING_PROTOTYPES = YES;
				GCC_WARN_ABOUT_RETURN_TYPE = YES;
				GCC_WARN_UNUSED_VARIABLE = YES;
				IPHONEOS_DEPLOYMENT_TARGET = 5.0;
				SDKROOT = iphoneos;
				TARGETED_DEVICE_FAMILY = "1,2";
			};
			name = Debug;
		};
		A6EDC9571511319F003083CA /* Release */ = {
			isa = XCBuildConfiguration;
			buildSettings = {
				ALWAYS_SEARCH_USER_PATHS = NO;
				ARCHS = "$(ARCHS_STANDARD_32_BIT)";
				CLANG_ENABLE_OBJC_ARC = YES;
				"CODE_SIGN_IDENTITY[sdk=iphoneos*]" = "iPhone Developer";
				COPY_PHASE_STRIP = YES;
				GCC_C_LANGUAGE_STANDARD = gnu99;
				GCC_VERSION = com.apple.compilers.llvm.clang.1_0;
				GCC_WARN_ABOUT_MISSING_PROTOTYPES = YES;
				GCC_WARN_ABOUT_RETURN_TYPE = YES;
				GCC_WARN_UNUSED_VARIABLE = YES;
				IPHONEOS_DEPLOYMENT_TARGET = 5.0;
				OTHER_CFLAGS = "-DNS_BLOCK_ASSERTIONS=1";
				SDKROOT = iphoneos;
				TARGETED_DEVICE_FAMILY = "1,2";
				VALIDATE_PRODUCT = YES;
			};
			name = Release;
		};
		A6EDC9591511319F003083CA /* Debug */ = {
			isa = XCBuildConfiguration;
			buildSettings = {
				GCC_PRECOMPILE_PREFIX_HEADER = YES;
				GCC_PREFIX_HEADER = "Freepod/Freepod-Prefix.pch";
				INFOPLIST_FILE = "Freepod/Freepod-Info.plist";
				IPHONEOS_DEPLOYMENT_TARGET = 5.1;
				PRODUCT_NAME = "$(TARGET_NAME)";
				TARGETED_DEVICE_FAMILY = 1;
				WRAPPER_EXTENSION = app;
			};
			name = Debug;
		};
		A6EDC95A1511319F003083CA /* Release */ = {
			isa = XCBuildConfiguration;
			buildSettings = {
				GCC_PRECOMPILE_PREFIX_HEADER = YES;
				GCC_PREFIX_HEADER = "Freepod/Freepod-Prefix.pch";
				INFOPLIST_FILE = "Freepod/Freepod-Info.plist";
				IPHONEOS_DEPLOYMENT_TARGET = 5.1;
				PRODUCT_NAME = "$(TARGET_NAME)";
				TARGETED_DEVICE_FAMILY = 1;
				WRAPPER_EXTENSION = app;
			};
			name = Release;
		};
/* End XCBuildConfiguration section */

/* Begin XCConfigurationList section */
		A6EDC9311511319F003083CA /* Build configuration list for PBXProject "Freepod" */ = {
			isa = XCConfigurationList;
			buildConfigurations = (
				A6EDC9561511319F003083CA /* Debug */,
				A6EDC9571511319F003083CA /* Release */,
			);
			defaultConfigurationIsVisible = 0;
			defaultConfigurationName = Release;
		};
		A6EDC9581511319F003083CA /* Build configuration list for PBXNativeTarget "Freepod" */ = {
			isa = XCConfigurationList;
			buildConfigurations = (
				A6EDC9591511319F003083CA /* Debug */,
				A6EDC95A1511319F003083CA /* Release */,
			);
			defaultConfigurationIsVisible = 0;
			defaultConfigurationName = Release;
		};
/* End XCConfigurationList section */
	};
	rootObject = A6EDC92E1511319F003083CA /* Project object */;
}
