// !$*UTF8*$!
{
	archiveVersion = 1;
	classes = {
	};
	objectVersion = 46;
	objects = {

/* Begin PBXBuildFile section */
		A600AF9816725E9D0025BB33 /* UIKit.framework in Frameworks */ = {isa = PBXBuildFile; fileRef = A600AF9716725E9D0025BB33 /* UIKit.framework */; };
		A600AF9A16725E9D0025BB33 /* Foundation.framework in Frameworks */ = {isa = PBXBuildFile; fileRef = A600AF9916725E9D0025BB33 /* Foundation.framework */; };
		A600AF9C16725E9D0025BB33 /* CoreGraphics.framework in Frameworks */ = {isa = PBXBuildFile; fileRef = A600AF9B16725E9D0025BB33 /* CoreGraphics.framework */; };
		A600AFA216725E9D0025BB33 /* InfoPlist.strings in Resources */ = {isa = PBXBuildFile; fileRef = A600AFA016725E9D0025BB33 /* InfoPlist.strings */; };
		A600AFA416725E9D0025BB33 /* main.m in Sources */ = {isa = PBXBuildFile; fileRef = A600AFA316725E9D0025BB33 /* main.m */; };
		A600AFA816725E9D0025BB33 /* AppDelegate.m in Sources */ = {isa = PBXBuildFile; fileRef = A600AFA716725E9D0025BB33 /* AppDelegate.m */; };
		A600AFAA16725E9D0025BB33 /* Default.png in Resources */ = {isa = PBXBuildFile; fileRef = A600AFA916725E9D0025BB33 /* Default.png */; };
		A600AFAC16725E9D0025BB33 /* Default@2x.png in Resources */ = {isa = PBXBuildFile; fileRef = A600AFAB16725E9D0025BB33 /* Default@2x.png */; };
		A600AFAE16725E9D0025BB33 /* Default-568h@2x.png in Resources */ = {isa = PBXBuildFile; fileRef = A600AFAD16725E9D0025BB33 /* Default-568h@2x.png */; };
		A600AFB116725E9D0025BB33 /* MainViewController.m in Sources */ = {isa = PBXBuildFile; fileRef = A600AFB016725E9D0025BB33 /* MainViewController.m */; };
		A600AFEB16750B1E0025BB33 /* CoverButton.m in Sources */ = {isa = PBXBuildFile; fileRef = A600AFEA16750B1E0025BB33 /* CoverButton.m */; };
		A600AFEE16751B610025BB33 /* PodcastViewController.m in Sources */ = {isa = PBXBuildFile; fileRef = A600AFED16751B610025BB33 /* PodcastViewController.m */; };
		A600AFF4167543990025BB33 /* PlayerManager.m in Sources */ = {isa = PBXBuildFile; fileRef = A600AFF3167543990025BB33 /* PlayerManager.m */; };
		A600AFFA167545040025BB33 /* EpisodeCell.m in Sources */ = {isa = PBXBuildFile; fileRef = A600AFF9167545040025BB33 /* EpisodeCell.m */; };
		A600B0031677E11E0025BB33 /* CoreMedia.framework in Frameworks */ = {isa = PBXBuildFile; fileRef = A600B0021677E11E0025BB33 /* CoreMedia.framework */; };
		A600B0051677E1240025BB33 /* AVFoundation.framework in Frameworks */ = {isa = PBXBuildFile; fileRef = A600B0041677E1240025BB33 /* AVFoundation.framework */; };
		A60EE8FF1841E1C80010A385 /* ProgressSlider.m in Sources */ = {isa = PBXBuildFile; fileRef = A60EE8FE1841E1C80010A385 /* ProgressSlider.m */; };
		A60EE9011841E5B40010A385 /* void.png in Resources */ = {isa = PBXBuildFile; fileRef = A60EE9001841E5B40010A385 /* void.png */; };
		A60EE9051841EF830010A385 /* PlayerDetailsViewController.m in Sources */ = {isa = PBXBuildFile; fileRef = A60EE9041841EF830010A385 /* PlayerDetailsViewController.m */; };
		A60EE9081841F0160010A385 /* UIColor+FreepodColor.m in Sources */ = {isa = PBXBuildFile; fileRef = A60EE9071841F0160010A385 /* UIColor+FreepodColor.m */; };
		A61786B41840E6E7009D98B6 /* AFHTTPRequestOperation.m in Sources */ = {isa = PBXBuildFile; fileRef = A61786A21840E6E7009D98B6 /* AFHTTPRequestOperation.m */; };
		A61786B51840E6E7009D98B6 /* AFHTTPRequestOperationManager.m in Sources */ = {isa = PBXBuildFile; fileRef = A61786A41840E6E7009D98B6 /* AFHTTPRequestOperationManager.m */; };
		A61786B61840E6E7009D98B6 /* AFHTTPSessionManager.m in Sources */ = {isa = PBXBuildFile; fileRef = A61786A61840E6E7009D98B6 /* AFHTTPSessionManager.m */; };
		A61786B71840E6E7009D98B6 /* AFNetworkReachabilityManager.m in Sources */ = {isa = PBXBuildFile; fileRef = A61786A91840E6E7009D98B6 /* AFNetworkReachabilityManager.m */; };
		A61786B81840E6E7009D98B6 /* AFSecurityPolicy.m in Sources */ = {isa = PBXBuildFile; fileRef = A61786AB1840E6E7009D98B6 /* AFSecurityPolicy.m */; };
		A61786B91840E6E7009D98B6 /* AFURLConnectionOperation.m in Sources */ = {isa = PBXBuildFile; fileRef = A61786AD1840E6E7009D98B6 /* AFURLConnectionOperation.m */; };
		A61786BA1840E6E7009D98B6 /* AFURLRequestSerialization.m in Sources */ = {isa = PBXBuildFile; fileRef = A61786AF1840E6E7009D98B6 /* AFURLRequestSerialization.m */; };
		A61786BB1840E6E7009D98B6 /* AFURLResponseSerialization.m in Sources */ = {isa = PBXBuildFile; fileRef = A61786B11840E6E7009D98B6 /* AFURLResponseSerialization.m */; };
		A61786BC1840E6E7009D98B6 /* AFURLSessionManager.m in Sources */ = {isa = PBXBuildFile; fileRef = A61786B31840E6E7009D98B6 /* AFURLSessionManager.m */; };
		A61786BE1840E930009D98B6 /* SystemConfiguration.framework in Frameworks */ = {isa = PBXBuildFile; fileRef = A61786BD1840E930009D98B6 /* SystemConfiguration.framework */; };
		A61786C01840E943009D98B6 /* Security.framework in Frameworks */ = {isa = PBXBuildFile; fileRef = A61786BF1840E943009D98B6 /* Security.framework */; };
		A67E2F0416D18343008AE598 /* icon.png in Resources */ = {isa = PBXBuildFile; fileRef = A67E2F0316D18343008AE598 /* icon.png */; };
		A67E2F0616D18384008AE598 /* icon2.png in Resources */ = {isa = PBXBuildFile; fileRef = A67E2F0516D18384008AE598 /* icon2.png */; };
		A67E2F0A16D185EE008AE598 /* Podcast.m in Sources */ = {isa = PBXBuildFile; fileRef = A67E2F0916D185EE008AE598 /* Podcast.m */; };
		A67E2F0D16D185FC008AE598 /* Episode.m in Sources */ = {isa = PBXBuildFile; fileRef = A67E2F0C16D185FC008AE598 /* Episode.m */; };
		A67E2F1016D18810008AE598 /* PodcastsManager.m in Sources */ = {isa = PBXBuildFile; fileRef = A67E2F0F16D18810008AE598 /* PodcastsManager.m */; };
		A6AC816D184150DD002824D9 /* cover.png in Resources */ = {isa = PBXBuildFile; fileRef = A6AC816C184150DD002824D9 /* cover.png */; };
		A6AC816F18415D29002824D9 /* PlayerThumb@2x.png in Resources */ = {isa = PBXBuildFile; fileRef = A6AC816E18415D29002824D9 /* PlayerThumb@2x.png */; };
		A6AC817218415F2B002824D9 /* UIImage+ImageEffects.m in Sources */ = {isa = PBXBuildFile; fileRef = A6AC817118415F2B002824D9 /* UIImage+ImageEffects.m */; };
		A6AC817418416081002824D9 /* Accelerate.framework in Frameworks */ = {isa = PBXBuildFile; fileRef = A6AC817318416081002824D9 /* Accelerate.framework */; };
		A6F3EAEA1841476900105AFF /* PlayerViewController.m in Sources */ = {isa = PBXBuildFile; fileRef = A6F3EAE91841476900105AFF /* PlayerViewController.m */; };
		A6F3EAF21841494000105AFF /* PlayerMainViewController.m in Sources */ = {isa = PBXBuildFile; fileRef = A6F3EAF11841494000105AFF /* PlayerMainViewController.m */; };
/* End PBXBuildFile section */

/* Begin PBXFileReference section */
		A600AF9316725E9D0025BB33 /* freepod.app */ = {isa = PBXFileReference; explicitFileType = wrapper.application; includeInIndex = 0; path = freepod.app; sourceTree = BUILT_PRODUCTS_DIR; };
		A600AF9716725E9D0025BB33 /* UIKit.framework */ = {isa = PBXFileReference; lastKnownFileType = wrapper.framework; name = UIKit.framework; path = System/Library/Frameworks/UIKit.framework; sourceTree = SDKROOT; };
		A600AF9916725E9D0025BB33 /* Foundation.framework */ = {isa = PBXFileReference; lastKnownFileType = wrapper.framework; name = Foundation.framework; path = System/Library/Frameworks/Foundation.framework; sourceTree = SDKROOT; };
		A600AF9B16725E9D0025BB33 /* CoreGraphics.framework */ = {isa = PBXFileReference; lastKnownFileType = wrapper.framework; name = CoreGraphics.framework; path = System/Library/Frameworks/CoreGraphics.framework; sourceTree = SDKROOT; };
		A600AF9F16725E9D0025BB33 /* freepod-Info.plist */ = {isa = PBXFileReference; lastKnownFileType = text.plist.xml; path = "freepod-Info.plist"; sourceTree = "<group>"; };
		A600AFA116725E9D0025BB33 /* en */ = {isa = PBXFileReference; lastKnownFileType = text.plist.strings; name = en; path = en.lproj/InfoPlist.strings; sourceTree = "<group>"; };
		A600AFA316725E9D0025BB33 /* main.m */ = {isa = PBXFileReference; lastKnownFileType = sourcecode.c.objc; path = main.m; sourceTree = "<group>"; };
		A600AFA516725E9D0025BB33 /* freepod-Prefix.pch */ = {isa = PBXFileReference; lastKnownFileType = sourcecode.c.h; path = "freepod-Prefix.pch"; sourceTree = "<group>"; };
		A600AFA616725E9D0025BB33 /* AppDelegate.h */ = {isa = PBXFileReference; lastKnownFileType = sourcecode.c.h; path = AppDelegate.h; sourceTree = "<group>"; };
		A600AFA716725E9D0025BB33 /* AppDelegate.m */ = {isa = PBXFileReference; lastKnownFileType = sourcecode.c.objc; path = AppDelegate.m; sourceTree = "<group>"; };
		A600AFA916725E9D0025BB33 /* Default.png */ = {isa = PBXFileReference; lastKnownFileType = image.png; name = Default.png; path = freepod/Default.png; sourceTree = "<group>"; };
		A600AFAB16725E9D0025BB33 /* Default@2x.png */ = {isa = PBXFileReference; lastKnownFileType = image.png; name = "Default@2x.png"; path = "freepod/Default@2x.png"; sourceTree = "<group>"; };
		A600AFAD16725E9D0025BB33 /* Default-568h@2x.png */ = {isa = PBXFileReference; lastKnownFileType = image.png; name = "Default-568h@2x.png"; path = "freepod/Default-568h@2x.png"; sourceTree = "<group>"; };
		A600AFAF16725E9D0025BB33 /* MainViewController.h */ = {isa = PBXFileReference; lastKnownFileType = sourcecode.c.h; path = MainViewController.h; sourceTree = "<group>"; };
		A600AFB016725E9D0025BB33 /* MainViewController.m */ = {isa = PBXFileReference; lastKnownFileType = sourcecode.c.objc; path = MainViewController.m; sourceTree = "<group>"; };
		A600AFE916750B1D0025BB33 /* CoverButton.h */ = {isa = PBXFileReference; fileEncoding = 4; lastKnownFileType = sourcecode.c.h; path = CoverButton.h; sourceTree = "<group>"; };
		A600AFEA16750B1E0025BB33 /* CoverButton.m */ = {isa = PBXFileReference; fileEncoding = 4; lastKnownFileType = sourcecode.c.objc; path = CoverButton.m; sourceTree = "<group>"; };
		A600AFEC16751B610025BB33 /* PodcastViewController.h */ = {isa = PBXFileReference; fileEncoding = 4; lastKnownFileType = sourcecode.c.h; path = PodcastViewController.h; sourceTree = "<group>"; };
		A600AFED16751B610025BB33 /* PodcastViewController.m */ = {isa = PBXFileReference; fileEncoding = 4; lastKnownFileType = sourcecode.c.objc; path = PodcastViewController.m; sourceTree = "<group>"; };
		A600AFF2167543990025BB33 /* PlayerManager.h */ = {isa = PBXFileReference; fileEncoding = 4; lastKnownFileType = sourcecode.c.h; path = PlayerManager.h; sourceTree = "<group>"; };
		A600AFF3167543990025BB33 /* PlayerManager.m */ = {isa = PBXFileReference; fileEncoding = 4; lastKnownFileType = sourcecode.c.objc; path = PlayerManager.m; sourceTree = "<group>"; };
		A600AFF8167545040025BB33 /* EpisodeCell.h */ = {isa = PBXFileReference; fileEncoding = 4; lastKnownFileType = sourcecode.c.h; path = EpisodeCell.h; sourceTree = "<group>"; };
		A600AFF9167545040025BB33 /* EpisodeCell.m */ = {isa = PBXFileReference; fileEncoding = 4; lastKnownFileType = sourcecode.c.objc; path = EpisodeCell.m; sourceTree = "<group>"; };
		A600B0021677E11E0025BB33 /* CoreMedia.framework */ = {isa = PBXFileReference; lastKnownFileType = wrapper.framework; name = CoreMedia.framework; path = System/Library/Frameworks/CoreMedia.framework; sourceTree = SDKROOT; };
		A600B0041677E1240025BB33 /* AVFoundation.framework */ = {isa = PBXFileReference; lastKnownFileType = wrapper.framework; name = AVFoundation.framework; path = System/Library/Frameworks/AVFoundation.framework; sourceTree = SDKROOT; };
		A60EE8FD1841E1C80010A385 /* ProgressSlider.h */ = {isa = PBXFileReference; fileEncoding = 4; lastKnownFileType = sourcecode.c.h; path = ProgressSlider.h; sourceTree = "<group>"; };
		A60EE8FE1841E1C80010A385 /* ProgressSlider.m */ = {isa = PBXFileReference; fileEncoding = 4; lastKnownFileType = sourcecode.c.objc; path = ProgressSlider.m; sourceTree = "<group>"; };
		A60EE9001841E5B40010A385 /* void.png */ = {isa = PBXFileReference; lastKnownFileType = image.png; path = void.png; sourceTree = "<group>"; };
		A60EE9031841EF830010A385 /* PlayerDetailsViewController.h */ = {isa = PBXFileReference; fileEncoding = 4; lastKnownFileType = sourcecode.c.h; path = PlayerDetailsViewController.h; sourceTree = "<group>"; };
		A60EE9041841EF830010A385 /* PlayerDetailsViewController.m */ = {isa = PBXFileReference; fileEncoding = 4; lastKnownFileType = sourcecode.c.objc; path = PlayerDetailsViewController.m; sourceTree = "<group>"; };
		A60EE9061841F0160010A385 /* UIColor+FreepodColor.h */ = {isa = PBXFileReference; fileEncoding = 4; lastKnownFileType = sourcecode.c.h; path = "UIColor+FreepodColor.h"; sourceTree = "<group>"; };
		A60EE9071841F0160010A385 /* UIColor+FreepodColor.m */ = {isa = PBXFileReference; fileEncoding = 4; lastKnownFileType = sourcecode.c.objc; path = "UIColor+FreepodColor.m"; sourceTree = "<group>"; };
		A61786A11840E6E7009D98B6 /* AFHTTPRequestOperation.h */ = {isa = PBXFileReference; fileEncoding = 4; lastKnownFileType = sourcecode.c.h; path = AFHTTPRequestOperation.h; sourceTree = "<group>"; };
		A61786A21840E6E7009D98B6 /* AFHTTPRequestOperation.m */ = {isa = PBXFileReference; fileEncoding = 4; lastKnownFileType = sourcecode.c.objc; path = AFHTTPRequestOperation.m; sourceTree = "<group>"; };
		A61786A31840E6E7009D98B6 /* AFHTTPRequestOperationManager.h */ = {isa = PBXFileReference; fileEncoding = 4; lastKnownFileType = sourcecode.c.h; path = AFHTTPRequestOperationManager.h; sourceTree = "<group>"; };
		A61786A41840E6E7009D98B6 /* AFHTTPRequestOperationManager.m */ = {isa = PBXFileReference; fileEncoding = 4; lastKnownFileType = sourcecode.c.objc; path = AFHTTPRequestOperationManager.m; sourceTree = "<group>"; };
		A61786A51840E6E7009D98B6 /* AFHTTPSessionManager.h */ = {isa = PBXFileReference; fileEncoding = 4; lastKnownFileType = sourcecode.c.h; path = AFHTTPSessionManager.h; sourceTree = "<group>"; };
		A61786A61840E6E7009D98B6 /* AFHTTPSessionManager.m */ = {isa = PBXFileReference; fileEncoding = 4; lastKnownFileType = sourcecode.c.objc; path = AFHTTPSessionManager.m; sourceTree = "<group>"; };
		A61786A71840E6E7009D98B6 /* AFNetworking.h */ = {isa = PBXFileReference; fileEncoding = 4; lastKnownFileType = sourcecode.c.h; path = AFNetworking.h; sourceTree = "<group>"; };
		A61786A81840E6E7009D98B6 /* AFNetworkReachabilityManager.h */ = {isa = PBXFileReference; fileEncoding = 4; lastKnownFileType = sourcecode.c.h; path = AFNetworkReachabilityManager.h; sourceTree = "<group>"; };
		A61786A91840E6E7009D98B6 /* AFNetworkReachabilityManager.m */ = {isa = PBXFileReference; fileEncoding = 4; lastKnownFileType = sourcecode.c.objc; path = AFNetworkReachabilityManager.m; sourceTree = "<group>"; };
		A61786AA1840E6E7009D98B6 /* AFSecurityPolicy.h */ = {isa = PBXFileReference; fileEncoding = 4; lastKnownFileType = sourcecode.c.h; path = AFSecurityPolicy.h; sourceTree = "<group>"; };
		A61786AB1840E6E7009D98B6 /* AFSecurityPolicy.m */ = {isa = PBXFileReference; fileEncoding = 4; lastKnownFileType = sourcecode.c.objc; path = AFSecurityPolicy.m; sourceTree = "<group>"; };
		A61786AC1840E6E7009D98B6 /* AFURLConnectionOperation.h */ = {isa = PBXFileReference; fileEncoding = 4; lastKnownFileType = sourcecode.c.h; path = AFURLConnectionOperation.h; sourceTree = "<group>"; };
		A61786AD1840E6E7009D98B6 /* AFURLConnectionOperation.m */ = {isa = PBXFileReference; fileEncoding = 4; lastKnownFileType = sourcecode.c.objc; path = AFURLConnectionOperation.m; sourceTree = "<group>"; };
		A61786AE1840E6E7009D98B6 /* AFURLRequestSerialization.h */ = {isa = PBXFileReference; fileEncoding = 4; lastKnownFileType = sourcecode.c.h; path = AFURLRequestSerialization.h; sourceTree = "<group>"; };
		A61786AF1840E6E7009D98B6 /* AFURLRequestSerialization.m */ = {isa = PBXFileReference; fileEncoding = 4; lastKnownFileType = sourcecode.c.objc; path = AFURLRequestSerialization.m; sourceTree = "<group>"; };
		A61786B01840E6E7009D98B6 /* AFURLResponseSerialization.h */ = {isa = PBXFileReference; fileEncoding = 4; lastKnownFileType = sourcecode.c.h; path = AFURLResponseSerialization.h; sourceTree = "<group>"; };
		A61786B11840E6E7009D98B6 /* AFURLResponseSerialization.m */ = {isa = PBXFileReference; fileEncoding = 4; lastKnownFileType = sourcecode.c.objc; path = AFURLResponseSerialization.m; sourceTree = "<group>"; };
		A61786B21840E6E7009D98B6 /* AFURLSessionManager.h */ = {isa = PBXFileReference; fileEncoding = 4; lastKnownFileType = sourcecode.c.h; path = AFURLSessionManager.h; sourceTree = "<group>"; };
		A61786B31840E6E7009D98B6 /* AFURLSessionManager.m */ = {isa = PBXFileReference; fileEncoding = 4; lastKnownFileType = sourcecode.c.objc; path = AFURLSessionManager.m; sourceTree = "<group>"; };
		A61786BD1840E930009D98B6 /* SystemConfiguration.framework */ = {isa = PBXFileReference; lastKnownFileType = wrapper.framework; name = SystemConfiguration.framework; path = System/Library/Frameworks/SystemConfiguration.framework; sourceTree = SDKROOT; };
		A61786BF1840E943009D98B6 /* Security.framework */ = {isa = PBXFileReference; lastKnownFileType = wrapper.framework; name = Security.framework; path = System/Library/Frameworks/Security.framework; sourceTree = SDKROOT; };
		A67E2F0316D18343008AE598 /* icon.png */ = {isa = PBXFileReference; lastKnownFileType = image.png; path = icon.png; sourceTree = "<group>"; };
		A67E2F0516D18384008AE598 /* icon2.png */ = {isa = PBXFileReference; lastKnownFileType = image.png; path = icon2.png; sourceTree = "<group>"; };
		A67E2F0816D185EE008AE598 /* Podcast.h */ = {isa = PBXFileReference; fileEncoding = 4; lastKnownFileType = sourcecode.c.h; path = Podcast.h; sourceTree = "<group>"; };
		A67E2F0916D185EE008AE598 /* Podcast.m */ = {isa = PBXFileReference; fileEncoding = 4; lastKnownFileType = sourcecode.c.objc; path = Podcast.m; sourceTree = "<group>"; };
		A67E2F0B16D185FC008AE598 /* Episode.h */ = {isa = PBXFileReference; fileEncoding = 4; lastKnownFileType = sourcecode.c.h; path = Episode.h; sourceTree = "<group>"; };
		A67E2F0C16D185FC008AE598 /* Episode.m */ = {isa = PBXFileReference; fileEncoding = 4; lastKnownFileType = sourcecode.c.objc; path = Episode.m; sourceTree = "<group>"; };
		A67E2F0E16D18810008AE598 /* PodcastsManager.h */ = {isa = PBXFileReference; fileEncoding = 4; lastKnownFileType = sourcecode.c.h; path = PodcastsManager.h; sourceTree = "<group>"; };
		A67E2F0F16D18810008AE598 /* PodcastsManager.m */ = {isa = PBXFileReference; fileEncoding = 4; lastKnownFileType = sourcecode.c.objc; path = PodcastsManager.m; sourceTree = "<group>"; };
		A6AC816C184150DD002824D9 /* cover.png */ = {isa = PBXFileReference; lastKnownFileType = image.png; path = cover.png; sourceTree = "<group>"; };
		A6AC816E18415D29002824D9 /* PlayerThumb@2x.png */ = {isa = PBXFileReference; lastKnownFileType = image.png; path = "PlayerThumb@2x.png"; sourceTree = "<group>"; };
		A6AC817018415F2B002824D9 /* UIImage+ImageEffects.h */ = {isa = PBXFileReference; fileEncoding = 4; lastKnownFileType = sourcecode.c.h; path = "UIImage+ImageEffects.h"; sourceTree = "<group>"; };
		A6AC817118415F2B002824D9 /* UIImage+ImageEffects.m */ = {isa = PBXFileReference; fileEncoding = 4; lastKnownFileType = sourcecode.c.objc; path = "UIImage+ImageEffects.m"; sourceTree = "<group>"; };
		A6AC817318416081002824D9 /* Accelerate.framework */ = {isa = PBXFileReference; lastKnownFileType = wrapper.framework; name = Accelerate.framework; path = System/Library/Frameworks/Accelerate.framework; sourceTree = SDKROOT; };
		A6F3EAE81841476900105AFF /* PlayerViewController.h */ = {isa = PBXFileReference; fileEncoding = 4; lastKnownFileType = sourcecode.c.h; path = PlayerViewController.h; sourceTree = "<group>"; };
		A6F3EAE91841476900105AFF /* PlayerViewController.m */ = {isa = PBXFileReference; fileEncoding = 4; lastKnownFileType = sourcecode.c.objc; path = PlayerViewController.m; sourceTree = "<group>"; };
		A6F3EAF01841494000105AFF /* PlayerMainViewController.h */ = {isa = PBXFileReference; fileEncoding = 4; lastKnownFileType = sourcecode.c.h; path = PlayerMainViewController.h; sourceTree = "<group>"; };
		A6F3EAF11841494000105AFF /* PlayerMainViewController.m */ = {isa = PBXFileReference; fileEncoding = 4; lastKnownFileType = sourcecode.c.objc; path = PlayerMainViewController.m; sourceTree = "<group>"; };
/* End PBXFileReference section */

/* Begin PBXFrameworksBuildPhase section */
		A600AF9016725E9D0025BB33 /* Frameworks */ = {
			isa = PBXFrameworksBuildPhase;
			buildActionMask = 2147483647;
			files = (
				A6AC817418416081002824D9 /* Accelerate.framework in Frameworks */,
				A61786C01840E943009D98B6 /* Security.framework in Frameworks */,
				A61786BE1840E930009D98B6 /* SystemConfiguration.framework in Frameworks */,
				A600B0051677E1240025BB33 /* AVFoundation.framework in Frameworks */,
				A600B0031677E11E0025BB33 /* CoreMedia.framework in Frameworks */,
				A600AF9816725E9D0025BB33 /* UIKit.framework in Frameworks */,
				A600AF9A16725E9D0025BB33 /* Foundation.framework in Frameworks */,
				A600AF9C16725E9D0025BB33 /* CoreGraphics.framework in Frameworks */,
			);
			runOnlyForDeploymentPostprocessing = 0;
		};
/* End PBXFrameworksBuildPhase section */

/* Begin PBXGroup section */
		A600AF8816725E9D0025BB33 = {
			isa = PBXGroup;
			children = (
				A6C7746716D17A2300224CEE /* Ressources */,
				A600AF9D16725E9D0025BB33 /* freepod */,
				A600AF9616725E9D0025BB33 /* Frameworks */,
				A600AF9416725E9D0025BB33 /* Products */,
			);
			sourceTree = "<group>";
		};
		A600AF9416725E9D0025BB33 /* Products */ = {
			isa = PBXGroup;
			children = (
				A600AF9316725E9D0025BB33 /* freepod.app */,
			);
			name = Products;
			sourceTree = "<group>";
		};
		A600AF9616725E9D0025BB33 /* Frameworks */ = {
			isa = PBXGroup;
			children = (
				A61786A01840E6E7009D98B6 /* AFNetworking */,
				A6F3EAE71840FED600105AFF /* System */,
			);
			name = Frameworks;
			sourceTree = "<group>";
		};
		A600AF9D16725E9D0025BB33 /* freepod */ = {
			isa = PBXGroup;
			children = (
				A600AFA616725E9D0025BB33 /* AppDelegate.h */,
				A600AFA716725E9D0025BB33 /* AppDelegate.m */,
				A600AFF5167543C40025BB33 /* View Controllers */,
				A600AFF6167543D20025BB33 /* Views */,
				A600AFF7167543DD0025BB33 /* Models */,
				A67E2F0716D1858A008AE598 /* Managers */,
				A617AC51184271C500D1CCDA /* Utils */,
				A600AF9E16725E9D0025BB33 /* Supporting Files */,
			);
			path = freepod;
			sourceTree = "<group>";
		};
		A600AF9E16725E9D0025BB33 /* Supporting Files */ = {
			isa = PBXGroup;
			children = (
				A600AF9F16725E9D0025BB33 /* freepod-Info.plist */,
				A600AFA016725E9D0025BB33 /* InfoPlist.strings */,
				A600AFA316725E9D0025BB33 /* main.m */,
				A600AFA516725E9D0025BB33 /* freepod-Prefix.pch */,
			);
			name = "Supporting Files";
			sourceTree = "<group>";
		};
		A600AFF5167543C40025BB33 /* View Controllers */ = {
			isa = PBXGroup;
			children = (
				A600AFAF16725E9D0025BB33 /* MainViewController.h */,
				A600AFB016725E9D0025BB33 /* MainViewController.m */,
				A600AFEC16751B610025BB33 /* PodcastViewController.h */,
				A600AFED16751B610025BB33 /* PodcastViewController.m */,
				A60EE9021841EF680010A385 /* Player */,
			);
			name = "View Controllers";
			sourceTree = "<group>";
		};
		A600AFF6167543D20025BB33 /* Views */ = {
			isa = PBXGroup;
			children = (
				A600AFE916750B1D0025BB33 /* CoverButton.h */,
				A600AFEA16750B1E0025BB33 /* CoverButton.m */,
				A60EE8FD1841E1C80010A385 /* ProgressSlider.h */,
				A60EE8FE1841E1C80010A385 /* ProgressSlider.m */,
				A600AFF8167545040025BB33 /* EpisodeCell.h */,
				A600AFF9167545040025BB33 /* EpisodeCell.m */,
			);
			name = Views;
			sourceTree = "<group>";
		};
		A600AFF7167543DD0025BB33 /* Models */ = {
			isa = PBXGroup;
			children = (
				A67E2F0816D185EE008AE598 /* Podcast.h */,
				A67E2F0916D185EE008AE598 /* Podcast.m */,
				A67E2F0B16D185FC008AE598 /* Episode.h */,
				A67E2F0C16D185FC008AE598 /* Episode.m */,
			);
			name = Models;
			sourceTree = "<group>";
		};
		A60EE9021841EF680010A385 /* Player */ = {
			isa = PBXGroup;
			children = (
				A6F3EAF01841494000105AFF /* PlayerMainViewController.h */,
				A6F3EAF11841494000105AFF /* PlayerMainViewController.m */,
				A6F3EAE81841476900105AFF /* PlayerViewController.h */,
				A6F3EAE91841476900105AFF /* PlayerViewController.m */,
				A60EE9031841EF830010A385 /* PlayerDetailsViewController.h */,
				A60EE9041841EF830010A385 /* PlayerDetailsViewController.m */,
			);
			name = Player;
			sourceTree = "<group>";
		};
		A61786A01840E6E7009D98B6 /* AFNetworking */ = {
			isa = PBXGroup;
			children = (
				A61786A11840E6E7009D98B6 /* AFHTTPRequestOperation.h */,
				A61786A21840E6E7009D98B6 /* AFHTTPRequestOperation.m */,
				A61786A31840E6E7009D98B6 /* AFHTTPRequestOperationManager.h */,
				A61786A41840E6E7009D98B6 /* AFHTTPRequestOperationManager.m */,
				A61786A51840E6E7009D98B6 /* AFHTTPSessionManager.h */,
				A61786A61840E6E7009D98B6 /* AFHTTPSessionManager.m */,
				A61786A71840E6E7009D98B6 /* AFNetworking.h */,
				A61786A81840E6E7009D98B6 /* AFNetworkReachabilityManager.h */,
				A61786A91840E6E7009D98B6 /* AFNetworkReachabilityManager.m */,
				A61786AA1840E6E7009D98B6 /* AFSecurityPolicy.h */,
				A61786AB1840E6E7009D98B6 /* AFSecurityPolicy.m */,
				A61786AC1840E6E7009D98B6 /* AFURLConnectionOperation.h */,
				A61786AD1840E6E7009D98B6 /* AFURLConnectionOperation.m */,
				A61786AE1840E6E7009D98B6 /* AFURLRequestSerialization.h */,
				A61786AF1840E6E7009D98B6 /* AFURLRequestSerialization.m */,
				A61786B01840E6E7009D98B6 /* AFURLResponseSerialization.h */,
				A61786B11840E6E7009D98B6 /* AFURLResponseSerialization.m */,
				A61786B21840E6E7009D98B6 /* AFURLSessionManager.h */,
				A61786B31840E6E7009D98B6 /* AFURLSessionManager.m */,
			);
			path = AFNetworking;
			sourceTree = "<group>";
		};
		A617AC51184271C500D1CCDA /* Utils */ = {
			isa = PBXGroup;
			children = (
				A6AC817018415F2B002824D9 /* UIImage+ImageEffects.h */,
				A6AC817118415F2B002824D9 /* UIImage+ImageEffects.m */,
				A60EE9061841F0160010A385 /* UIColor+FreepodColor.h */,
				A60EE9071841F0160010A385 /* UIColor+FreepodColor.m */,
			);
			name = Utils;
			sourceTree = "<group>";
		};
		A67E2F0716D1858A008AE598 /* Managers */ = {
			isa = PBXGroup;
			children = (
				A600AFF2167543990025BB33 /* PlayerManager.h */,
				A600AFF3167543990025BB33 /* PlayerManager.m */,
				A67E2F0E16D18810008AE598 /* PodcastsManager.h */,
				A67E2F0F16D18810008AE598 /* PodcastsManager.m */,
			);
			name = Managers;
			sourceTree = "<group>";
		};
		A6C7746716D17A2300224CEE /* Ressources */ = {
			isa = PBXGroup;
			children = (
				A67E2F0516D18384008AE598 /* icon2.png */,
				A67E2F0316D18343008AE598 /* icon.png */,
				A600AFA916725E9D0025BB33 /* Default.png */,
				A600AFAB16725E9D0025BB33 /* Default@2x.png */,
				A600AFAD16725E9D0025BB33 /* Default-568h@2x.png */,
				A6AC816C184150DD002824D9 /* cover.png */,
				A6AC816E18415D29002824D9 /* PlayerThumb@2x.png */,
				A60EE9001841E5B40010A385 /* void.png */,
			);
			name = Ressources;
			sourceTree = "<group>";
		};
		A6F3EAE71840FED600105AFF /* System */ = {
			isa = PBXGroup;
			children = (
				A6AC817318416081002824D9 /* Accelerate.framework */,
				A61786BF1840E943009D98B6 /* Security.framework */,
				A61786BD1840E930009D98B6 /* SystemConfiguration.framework */,
				A600B0041677E1240025BB33 /* AVFoundation.framework */,
				A600B0021677E11E0025BB33 /* CoreMedia.framework */,
				A600AF9716725E9D0025BB33 /* UIKit.framework */,
				A600AF9916725E9D0025BB33 /* Foundation.framework */,
				A600AF9B16725E9D0025BB33 /* CoreGraphics.framework */,
			);
			name = System;
			sourceTree = "<group>";
		};
/* End PBXGroup section */

/* Begin PBXNativeTarget section */
		A600AF9216725E9D0025BB33 /* freepod */ = {
			isa = PBXNativeTarget;
			buildConfigurationList = A600AFBA16725E9D0025BB33 /* Build configuration list for PBXNativeTarget "freepod" */;
			buildPhases = (
				A600AF8F16725E9D0025BB33 /* Sources */,
				A600AF9016725E9D0025BB33 /* Frameworks */,
				A600AF9116725E9D0025BB33 /* Resources */,
			);
			buildRules = (
			);
			dependencies = (
			);
			name = freepod;
			productName = freepod;
			productReference = A600AF9316725E9D0025BB33 /* freepod.app */;
			productType = "com.apple.product-type.application";
		};
/* End PBXNativeTarget section */

/* Begin PBXProject section */
		A600AF8A16725E9D0025BB33 /* Project object */ = {
			isa = PBXProject;
			attributes = {
				LastUpgradeCheck = 0450;
				ORGANIZATIONNAME = Freepod;
				TargetAttributes = {
					A600AF9216725E9D0025BB33 = {
						DevelopmentTeam = E873B24XVN;
					};
				};
			};
			buildConfigurationList = A600AF8D16725E9D0025BB33 /* Build configuration list for PBXProject "freepod" */;
			compatibilityVersion = "Xcode 3.2";
			developmentRegion = English;
			hasScannedForEncodings = 0;
			knownRegions = (
				en,
			);
			mainGroup = A600AF8816725E9D0025BB33;
			productRefGroup = A600AF9416725E9D0025BB33 /* Products */;
			projectDirPath = "";
			projectRoot = "";
			targets = (
				A600AF9216725E9D0025BB33 /* freepod */,
			);
		};
/* End PBXProject section */

/* Begin PBXResourcesBuildPhase section */
		A600AF9116725E9D0025BB33 /* Resources */ = {
			isa = PBXResourcesBuildPhase;
			buildActionMask = 2147483647;
			files = (
				A6AC816D184150DD002824D9 /* cover.png in Resources */,
				A600AFA216725E9D0025BB33 /* InfoPlist.strings in Resources */,
				A60EE9011841E5B40010A385 /* void.png in Resources */,
				A600AFAA16725E9D0025BB33 /* Default.png in Resources */,
				A600AFAC16725E9D0025BB33 /* Default@2x.png in Resources */,
				A600AFAE16725E9D0025BB33 /* Default-568h@2x.png in Resources */,
				A67E2F0416D18343008AE598 /* icon.png in Resources */,
				A67E2F0616D18384008AE598 /* icon2.png in Resources */,
				A6AC816F18415D29002824D9 /* PlayerThumb@2x.png in Resources */,
			);
			runOnlyForDeploymentPostprocessing = 0;
		};
/* End PBXResourcesBuildPhase section */

/* Begin PBXSourcesBuildPhase section */
		A600AF8F16725E9D0025BB33 /* Sources */ = {
			isa = PBXSourcesBuildPhase;
			buildActionMask = 2147483647;
			files = (
				A6F3EAF21841494000105AFF /* PlayerMainViewController.m in Sources */,
				A61786B41840E6E7009D98B6 /* AFHTTPRequestOperation.m in Sources */,
				A60EE9051841EF830010A385 /* PlayerDetailsViewController.m in Sources */,
				A600AFA416725E9D0025BB33 /* main.m in Sources */,
				A600AFA816725E9D0025BB33 /* AppDelegate.m in Sources */,
				A6AC817218415F2B002824D9 /* UIImage+ImageEffects.m in Sources */,
				A600AFB116725E9D0025BB33 /* MainViewController.m in Sources */,
				A61786BB1840E6E7009D98B6 /* AFURLResponseSerialization.m in Sources */,
				A61786B91840E6E7009D98B6 /* AFURLConnectionOperation.m in Sources */,
				A61786B51840E6E7009D98B6 /* AFHTTPRequestOperationManager.m in Sources */,
				A61786BC1840E6E7009D98B6 /* AFURLSessionManager.m in Sources */,
				A61786B81840E6E7009D98B6 /* AFSecurityPolicy.m in Sources */,
				A6F3EAEA1841476900105AFF /* PlayerViewController.m in Sources */,
				A61786B71840E6E7009D98B6 /* AFNetworkReachabilityManager.m in Sources */,
				A61786B61840E6E7009D98B6 /* AFHTTPSessionManager.m in Sources */,
				A60EE9081841F0160010A385 /* UIColor+FreepodColor.m in Sources */,
				A61786BA1840E6E7009D98B6 /* AFURLRequestSerialization.m in Sources */,
				A600AFEB16750B1E0025BB33 /* CoverButton.m in Sources */,
				A600AFEE16751B610025BB33 /* PodcastViewController.m in Sources */,
				A600AFF4167543990025BB33 /* PlayerManager.m in Sources */,
				A600AFFA167545040025BB33 /* EpisodeCell.m in Sources */,
				A67E2F0A16D185EE008AE598 /* Podcast.m in Sources */,
				A67E2F0D16D185FC008AE598 /* Episode.m in Sources */,
				A60EE8FF1841E1C80010A385 /* ProgressSlider.m in Sources */,
				A67E2F1016D18810008AE598 /* PodcastsManager.m in Sources */,
			);
			runOnlyForDeploymentPostprocessing = 0;
		};
/* End PBXSourcesBuildPhase section */

/* Begin PBXVariantGroup section */
		A600AFA016725E9D0025BB33 /* InfoPlist.strings */ = {
			isa = PBXVariantGroup;
			children = (
				A600AFA116725E9D0025BB33 /* en */,
			);
			name = InfoPlist.strings;
			sourceTree = "<group>";
		};
/* End PBXVariantGroup section */

/* Begin XCBuildConfiguration section */
		A600AFB816725E9D0025BB33 /* Debug */ = {
			isa = XCBuildConfiguration;
			buildSettings = {
				ALWAYS_SEARCH_USER_PATHS = NO;
				CLANG_CXX_LANGUAGE_STANDARD = "gnu++0x";
				CLANG_CXX_LIBRARY = "libc++";
				CLANG_ENABLE_OBJC_ARC = YES;
				CLANG_WARN_EMPTY_BODY = YES;
				CLANG_WARN__DUPLICATE_METHOD_MATCH = YES;
				"CODE_SIGN_IDENTITY[sdk=iphoneos*]" = "iPhone Developer";
				COPY_PHASE_STRIP = NO;
				GCC_C_LANGUAGE_STANDARD = gnu99;
				GCC_DYNAMIC_NO_PIC = NO;
				GCC_OPTIMIZATION_LEVEL = 0;
				GCC_PREPROCESSOR_DEFINITIONS = (
					"DEBUG=1",
					"$(inherited)",
				);
				GCC_SYMBOLS_PRIVATE_EXTERN = NO;
				GCC_WARN_ABOUT_RETURN_TYPE = YES;
				GCC_WARN_UNINITIALIZED_AUTOS = YES;
				GCC_WARN_UNUSED_VARIABLE = YES;
				IPHONEOS_DEPLOYMENT_TARGET = 6.0;
				ONLY_ACTIVE_ARCH = YES;
				SDKROOT = iphoneos;
				TARGETED_DEVICE_FAMILY = "1,2";
			};
			name = Debug;
		};
		A600AFB916725E9D0025BB33 /* Release */ = {
			isa = XCBuildConfiguration;
			buildSettings = {
				ALWAYS_SEARCH_USER_PATHS = NO;
				CLANG_CXX_LANGUAGE_STANDARD = "gnu++0x";
				CLANG_CXX_LIBRARY = "libc++";
				CLANG_ENABLE_OBJC_ARC = YES;
				CLANG_WARN_EMPTY_BODY = YES;
				CLANG_WARN__DUPLICATE_METHOD_MATCH = YES;
				"CODE_SIGN_IDENTITY[sdk=iphoneos*]" = "iPhone Developer";
				COPY_PHASE_STRIP = YES;
				GCC_C_LANGUAGE_STANDARD = gnu99;
				GCC_WARN_ABOUT_RETURN_TYPE = YES;
				GCC_WARN_UNINITIALIZED_AUTOS = YES;
				GCC_WARN_UNUSED_VARIABLE = YES;
				IPHONEOS_DEPLOYMENT_TARGET = 6.0;
				OTHER_CFLAGS = "-DNS_BLOCK_ASSERTIONS=1";
				SDKROOT = iphoneos;
				TARGETED_DEVICE_FAMILY = "1,2";
				VALIDATE_PRODUCT = YES;
			};
			name = Release;
		};
		A600AFBB16725E9D0025BB33 /* Debug */ = {
			isa = XCBuildConfiguration;
			buildSettings = {
				CODE_SIGN_IDENTITY = "iPhone Developer";
				GCC_PRECOMPILE_PREFIX_HEADER = YES;
				GCC_PREFIX_HEADER = "freepod/freepod-Prefix.pch";
				INFOPLIST_FILE = "freepod/freepod-Info.plist";
				IPHONEOS_DEPLOYMENT_TARGET = 7.0;
				PRODUCT_NAME = "$(TARGET_NAME)";
				TARGETED_DEVICE_FAMILY = 1;
				WRAPPER_EXTENSION = app;
			};
			name = Debug;
		};
		A600AFBC16725E9D0025BB33 /* Release */ = {
			isa = XCBuildConfiguration;
			buildSettings = {
				CODE_SIGN_IDENTITY = "iPhone Developer";
				GCC_PRECOMPILE_PREFIX_HEADER = YES;
				GCC_PREFIX_HEADER = "freepod/freepod-Prefix.pch";
				INFOPLIST_FILE = "freepod/freepod-Info.plist";
				IPHONEOS_DEPLOYMENT_TARGET = 7.0;
				PRODUCT_NAME = "$(TARGET_NAME)";
				TARGETED_DEVICE_FAMILY = 1;
				WRAPPER_EXTENSION = app;
			};
			name = Release;
		};
/* End XCBuildConfiguration section */

/* Begin XCConfigurationList section */
		A600AF8D16725E9D0025BB33 /* Build configuration list for PBXProject "freepod" */ = {
			isa = XCConfigurationList;
			buildConfigurations = (
				A600AFB816725E9D0025BB33 /* Debug */,
				A600AFB916725E9D0025BB33 /* Release */,
			);
			defaultConfigurationIsVisible = 0;
			defaultConfigurationName = Release;
		};
		A600AFBA16725E9D0025BB33 /* Build configuration list for PBXNativeTarget "freepod" */ = {
			isa = XCConfigurationList;
			buildConfigurations = (
				A600AFBB16725E9D0025BB33 /* Debug */,
				A600AFBC16725E9D0025BB33 /* Release */,
			);
			defaultConfigurationIsVisible = 0;
			defaultConfigurationName = Release;
		};
/* End XCConfigurationList section */
	};
	rootObject = A600AF8A16725E9D0025BB33 /* Project object */;
}
